
Microsoft Visual Studio Solution File, Format Version 12.00
# Visual Studio Version 17
VisualStudioVersion = 17.8.34330.188
MinimumVisualStudioVersion = 10.0.40219.1
Project("{FAE04EC0-301F-11D3-BF4B-00C04F79EFBC}") = "Api", "Api\Api.csproj", "{E52C899E-CEB8-4506-907D-FE303D78B2BF}"
EndProject
Global
	GlobalSection(SolutionConfigurationPlatforms) = preSolution
		Debug|Any CPU = Debug|Any CPU
		Release|Any CPU = Release|Any CPU
	EndGlobalSection
	GlobalSection(ProjectConfigurationPlatforms) = postSolution
		{E52C899E-CEB8-4506-907D-FE303D78B2BF}.Debug|Any CPU.ActiveCfg = Debug|Any CPU
		{E52C899E-CEB8-4506-907D-FE303D78B2BF}.Debug|Any CPU.Build.0 = Debug|Any CPU
		{E52C899E-CEB8-4506-907D-FE303D78B2BF}.Release|Any CPU.ActiveCfg = Release|Any CPU
		{E52C899E-CEB8-4506-907D-FE303D78B2BF}.Release|Any CPU.Build.0 = Release|Any CPU
	EndGlobalSection
	GlobalSection(SolutionProperties) = preSolution
		HideSolutionNode = FALSE
	EndGlobalSection
	GlobalSection(ExtensibilityGlobals) = postSolution
		SolutionGuid = {401A3B0E-12E8-441C-AB42-EE76AE479726}
	EndGlobalSection
EndGlobal
